
Microsoft Visual Studio Solution File, Format Version 12.00
# Visual Studio 15
VisualStudioVersion = 15.0.28010.2046
MinimumVisualStudioVersion = 10.0.40219.1
Project("{8BC9CEB8-8B4A-11D0-8D11-00A0C91BC942}") = "dx11engine", "directx11engine.vcxproj", "{68EF7AFE-8A9D-47BB-8481-B8412F2C6448}"
EndProject
Global
	GlobalSection(SolutionConfigurationPlatforms) = preSolution
		Debug|x64 = Debug|x64
		Debug|x86 = Debug|x86
		MinSize|x64 = MinSize|x64
		MinSize|x86 = MinSize|x86
		Release|x64 = Release|x64
		Release|x86 = Release|x86
	EndGlobalSection
	GlobalSection(ProjectConfigurationPlatforms) = postSolution
		{68EF7AFE-8A9D-47BB-8481-B8412F2C6448}.Debug|x64.ActiveCfg = Debug|x64
		{68EF7AFE-8A9D-47BB-8481-B8412F2C6448}.Debug|x64.Build.0 = Debug|x64
		{68EF7AFE-8A9D-47BB-8481-B8412F2C6448}.Debug|x86.ActiveCfg = Debug|x64
		{68EF7AFE-8A9D-47BB-8481-B8412F2C6448}.Debug|x86.Build.0 = Debug|x64
		{68EF7AFE-8A9D-47BB-8481-B8412F2C6448}.MinSize|x64.ActiveCfg = Debug|x64
		{68EF7AFE-8A9D-47BB-8481-B8412F2C6448}.MinSize|x64.Build.0 = Debug|x64
		{68EF7AFE-8A9D-47BB-8481-B8412F2C6448}.MinSize|x86.ActiveCfg = Debug|x64
		{68EF7AFE-8A9D-47BB-8481-B8412F2C6448}.MinSize|x86.Build.0 = Debug|x64
		{68EF7AFE-8A9D-47BB-8481-B8412F2C6448}.Release|x64.ActiveCfg = Debug|x64
		{68EF7AFE-8A9D-47BB-8481-B8412F2C6448}.Release|x64.Build.0 = Debug|x64
		{68EF7AFE-8A9D-47BB-8481-B8412F2C6448}.Release|x86.ActiveCfg = Debug|x64
		{68EF7AFE-8A9D-47BB-8481-B8412F2C6448}.Release|x86.Build.0 = Debug|x64
	EndGlobalSection
	GlobalSection(SolutionProperties) = preSolution
		HideSolutionNode = FALSE
	EndGlobalSection
	GlobalSection(ExtensibilityGlobals) = postSolution
		SolutionGuid = {FA4FD263-A4B5-43C1-A7BD-0E5AB798F4FB}
	EndGlobalSection
EndGlobal
